# THIS IS AN AUTOGENERATED FILE. DO NOT EDIT THIS FILE DIRECTLY.
# yarn lockfile v1


easy-tokenizer@^1.0.3:
  version "1.0.3"
  resolved "https://registry.yarnpkg.com/easy-tokenizer/-/easy-tokenizer-1.0.3.tgz#6b11059868eb92ed906cf376030639be12ec0b83"
  integrity sha512-uMMlNtsu1Z8XvxgmPk5D/4Z5//knrgrAQ4wx5CbPrN+9EMBXg2lik4lSj4TR/cXiTbdnqM/DzvODSvKKPeGD9g==
  dependencies:
    tslib "^2.4.0"

tslib@^2.4.0:
  version "2.4.0"
  resolved "https://registry.yarnpkg.com/tslib/-/tslib-2.4.0.tgz#7cecaa7f073ce680a05847aa77be941098f36dc3"
  integrity sha512-d6xOpEDfsi2CZVlPQzGeux8XMwLT9hssAsaPYExaQMuYskwb+x1x7J371tWlbBdWHroy99KnVB6qIkUbs5X3UQ==
